// !$*UTF8*$!
{
	archiveVersion = 1;
	classes = {
	};
	objectVersion = 55;
	objects = {

/* Begin PBXBuildFile section */
		230E0D4F2BB42CCD00DA513A /* BotModel_David.swift in Sources */ = {isa = PBXBuildFile; fileRef = 230E0D4E2BB42CCD00DA513A /* BotModel_David.swift */; };
		23E68CFE2B920D96006DCFDB /* PredictView.swift in Sources */ = {isa = PBXBuildFile; fileRef = 23E68CFD2B920D96006DCFDB /* PredictView.swift */; };
		768587262BBDAA20004D919D /* compressed_cropped_final.gif in Resources */ = {isa = PBXBuildFile; fileRef = 768587252BBDAA20004D919D /* compressed_cropped_final.gif */; };
		768587282BBDAAA3004D919D /* TutorialGif.swift in Sources */ = {isa = PBXBuildFile; fileRef = 768587272BBDAAA3004D919D /* TutorialGif.swift */; };
		7685872B2BBDBD1D004D919D /* BDSupperRegular.ttf in Resources */ = {isa = PBXBuildFile; fileRef = 7685872A2BBDBD1D004D919D /* BDSupperRegular.ttf */; };
		E20BABD72BA9C9350038FB13 /* BotModel_Tom.swift in Sources */ = {isa = PBXBuildFile; fileRef = E20BABD52BA9C9350038FB13 /* BotModel_Tom.swift */; };
		E20BABD82BA9C9350038FB13 /* BotModelProtocol.swift in Sources */ = {isa = PBXBuildFile; fileRef = E20BABD62BA9C9350038FB13 /* BotModelProtocol.swift */; };
		E20BABDA2BA9C9AF0038FB13 /* PublicChunk.swift in Sources */ = {isa = PBXBuildFile; fileRef = E20BABD92BA9C9AF0038FB13 /* PublicChunk.swift */; };
		E2252E842BB581870054AE4C /* fingers_art.jpg in Resources */ = {isa = PBXBuildFile; fileRef = E2252E832BB581860054AE4C /* fingers_art.jpg */; };
		E285E0742BA2EB4500C27CB7 /* LandingView.swift in Sources */ = {isa = PBXBuildFile; fileRef = E285E0732BA2EB4500C27CB7 /* LandingView.swift */; };
		E2B699952B8F8B8100246E91 /* FingersModel.swift in Sources */ = {isa = PBXBuildFile; fileRef = E2B699942B8F8B8100246E91 /* FingersModel.swift */; };
		E2B699972B8F8DF000246E91 /* FingersViewModel.swift in Sources */ = {isa = PBXBuildFile; fileRef = E2B699962B8F8DF000246E91 /* FingersViewModel.swift */; };
		E2B699AA2B8F974500246E91 /* SlotAction.swift in Sources */ = {isa = PBXBuildFile; fileRef = E2B6999B2B8F974500246E91 /* SlotAction.swift */; };
		E2B699AB2B8F974500246E91 /* BufferCondition.swift in Sources */ = {isa = PBXBuildFile; fileRef = E2B6999C2B8F974500246E91 /* BufferCondition.swift */; };
		E2B699AC2B8F974500246E91 /* Model.swift in Sources */ = {isa = PBXBuildFile; fileRef = E2B6999D2B8F974500246E91 /* Model.swift */; };
		E2B699AD2B8F974500246E91 /* Procedural.swift in Sources */ = {isa = PBXBuildFile; fileRef = E2B6999E2B8F974500246E91 /* Procedural.swift */; };
		E2B699AE2B8F974500246E91 /* Instantiation.swift in Sources */ = {isa = PBXBuildFile; fileRef = E2B6999F2B8F974500246E91 /* Instantiation.swift */; };
		E2B699AF2B8F974500246E91 /* Temporal.swift in Sources */ = {isa = PBXBuildFile; fileRef = E2B699A02B8F974500246E91 /* Temporal.swift */; };
		E2B699B02B8F974500246E91 /* Vision.swift in Sources */ = {isa = PBXBuildFile; fileRef = E2B699A12B8F974500246E91 /* Vision.swift */; };
		E2B699B12B8F974500246E91 /* Tokenizer.swift in Sources */ = {isa = PBXBuildFile; fileRef = E2B699A22B8F974500246E91 /* Tokenizer.swift */; };
		E2B699B22B8F974500246E91 /* SlotCondition.swift in Sources */ = {isa = PBXBuildFile; fileRef = E2B699A32B8F974500246E91 /* SlotCondition.swift */; };
		E2B699B32B8F974500246E91 /* BufferAction.swift in Sources */ = {isa = PBXBuildFile; fileRef = E2B699A42B8F974500246E91 /* BufferAction.swift */; };
		E2B699B42B8F974500246E91 /* Support.swift in Sources */ = {isa = PBXBuildFile; fileRef = E2B699A52B8F974500246E91 /* Support.swift */; };
		E2B699B52B8F974500246E91 /* Parser.swift in Sources */ = {isa = PBXBuildFile; fileRef = E2B699A62B8F974500246E91 /* Parser.swift */; };
		E2B699B62B8F974500246E91 /* Declarative.swift in Sources */ = {isa = PBXBuildFile; fileRef = E2B699A72B8F974500246E91 /* Declarative.swift */; };
		E2B699B72B8F974500246E91 /* Chunk.swift in Sources */ = {isa = PBXBuildFile; fileRef = E2B699A82B8F974500246E91 /* Chunk.swift */; };
		E2B699B82B8F974500246E91 /* Production.swift in Sources */ = {isa = PBXBuildFile; fileRef = E2B699A92B8F974500246E91 /* Production.swift */; };
		E2D01AAE2B83943400370E22 /* FingersApp.swift in Sources */ = {isa = PBXBuildFile; fileRef = E2D01AAD2B83943400370E22 /* FingersApp.swift */; };
		E2D01AB02B83943400370E22 /* FingersView.swift in Sources */ = {isa = PBXBuildFile; fileRef = E2D01AAF2B83943400370E22 /* FingersView.swift */; };
		E2D01AB22B83943900370E22 /* Assets.xcassets in Resources */ = {isa = PBXBuildFile; fileRef = E2D01AB12B83943900370E22 /* Assets.xcassets */; };
		E2D01AB52B83943900370E22 /* Preview Assets.xcassets in Resources */ = {isa = PBXBuildFile; fileRef = E2D01AB42B83943900370E22 /* Preview Assets.xcassets */; };
		E2D01ABF2B83943A00370E22 /* FingersTests.swift in Sources */ = {isa = PBXBuildFile; fileRef = E2D01ABE2B83943A00370E22 /* FingersTests.swift */; };
		E2D01AC92B83943A00370E22 /* FingersUITests.swift in Sources */ = {isa = PBXBuildFile; fileRef = E2D01AC82B83943A00370E22 /* FingersUITests.swift */; };
		E2D01ACB2B83943A00370E22 /* FingersUITestsLaunchTests.swift in Sources */ = {isa = PBXBuildFile; fileRef = E2D01ACA2B83943A00370E22 /* FingersUITestsLaunchTests.swift */; };
		E2F87EB52BB99128009D91B9 /* Player.swift in Sources */ = {isa = PBXBuildFile; fileRef = E2F87EB42BB99128009D91B9 /* Player.swift */; };
		E2F87EB82BBA06B5009D91B9 /* logo_font.ttf in Resources */ = {isa = PBXBuildFile; fileRef = E2F87EB72BBA06B5009D91B9 /* logo_font.ttf */; };
/* End PBXBuildFile section */

/* Begin PBXContainerItemProxy section */
		E2D01ABB2B83943A00370E22 /* PBXContainerItemProxy */ = {
			isa = PBXContainerItemProxy;
			containerPortal = E2D01AA22B83943400370E22 /* Project object */;
			proxyType = 1;
			remoteGlobalIDString = E2D01AA92B83943400370E22;
			remoteInfo = Fingers;
		};
		E2D01AC52B83943A00370E22 /* PBXContainerItemProxy */ = {
			isa = PBXContainerItemProxy;
			containerPortal = E2D01AA22B83943400370E22 /* Project object */;
			proxyType = 1;
			remoteGlobalIDString = E2D01AA92B83943400370E22;
			remoteInfo = Fingers;
		};
/* End PBXContainerItemProxy section */

/* Begin PBXFileReference section */
		230E0D4E2BB42CCD00DA513A /* BotModel_David.swift */ = {isa = PBXFileReference; lastKnownFileType = sourcecode.swift; path = BotModel_David.swift; sourceTree = "<group>"; };
		23E68CFD2B920D96006DCFDB /* PredictView.swift */ = {isa = PBXFileReference; lastKnownFileType = sourcecode.swift; path = PredictView.swift; sourceTree = "<group>"; };
		768587252BBDAA20004D919D /* compressed_cropped_final.gif */ = {isa = PBXFileReference; lastKnownFileType = image.gif; name = compressed_cropped_final.gif; path = ../../../../../Downloads/compressed_cropped_final.gif; sourceTree = "<group>"; };
		768587272BBDAAA3004D919D /* TutorialGif.swift */ = {isa = PBXFileReference; lastKnownFileType = sourcecode.swift; path = TutorialGif.swift; sourceTree = "<group>"; };
		768587292BBDAE88004D919D /* compressed_cropped_final.gif */ = {isa = PBXFileReference; lastKnownFileType = image.gif; path = compressed_cropped_final.gif; sourceTree = "<group>"; };
		7685872A2BBDBD1D004D919D /* BDSupperRegular.ttf */ = {isa = PBXFileReference; lastKnownFileType = file; name = BDSupperRegular.ttf; path = ../../../../../Downloads/BDSupperRegular/BDSupperRegular.ttf; sourceTree = "<group>"; };
		E20BABD52BA9C9350038FB13 /* BotModel_Tom.swift */ = {isa = PBXFileReference; fileEncoding = 4; lastKnownFileType = sourcecode.swift; path = BotModel_Tom.swift; sourceTree = "<group>"; };
		E20BABD62BA9C9350038FB13 /* BotModelProtocol.swift */ = {isa = PBXFileReference; fileEncoding = 4; lastKnownFileType = sourcecode.swift; path = BotModelProtocol.swift; sourceTree = "<group>"; };
		E20BABD92BA9C9AF0038FB13 /* PublicChunk.swift */ = {isa = PBXFileReference; fileEncoding = 4; lastKnownFileType = sourcecode.swift; path = PublicChunk.swift; sourceTree = "<group>"; };
		E2252E832BB581860054AE4C /* fingers_art.jpg */ = {isa = PBXFileReference; lastKnownFileType = image.jpeg; path = fingers_art.jpg; sourceTree = "<group>"; };
		E285E0732BA2EB4500C27CB7 /* LandingView.swift */ = {isa = PBXFileReference; fileEncoding = 4; lastKnownFileType = sourcecode.swift; path = LandingView.swift; sourceTree = "<group>"; };
		E2B699942B8F8B8100246E91 /* FingersModel.swift */ = {isa = PBXFileReference; lastKnownFileType = sourcecode.swift; path = FingersModel.swift; sourceTree = "<group>"; };
		E2B699962B8F8DF000246E91 /* FingersViewModel.swift */ = {isa = PBXFileReference; lastKnownFileType = sourcecode.swift; path = FingersViewModel.swift; sourceTree = "<group>"; };
		E2B6999B2B8F974500246E91 /* SlotAction.swift */ = {isa = PBXFileReference; fileEncoding = 4; lastKnownFileType = sourcecode.swift; path = SlotAction.swift; sourceTree = "<group>"; };
		E2B6999C2B8F974500246E91 /* BufferCondition.swift */ = {isa = PBXFileReference; fileEncoding = 4; lastKnownFileType = sourcecode.swift; path = BufferCondition.swift; sourceTree = "<group>"; };
		E2B6999D2B8F974500246E91 /* Model.swift */ = {isa = PBXFileReference; fileEncoding = 4; lastKnownFileType = sourcecode.swift; path = Model.swift; sourceTree = "<group>"; };
		E2B6999E2B8F974500246E91 /* Procedural.swift */ = {isa = PBXFileReference; fileEncoding = 4; lastKnownFileType = sourcecode.swift; path = Procedural.swift; sourceTree = "<group>"; };
		E2B6999F2B8F974500246E91 /* Instantiation.swift */ = {isa = PBXFileReference; fileEncoding = 4; lastKnownFileType = sourcecode.swift; path = Instantiation.swift; sourceTree = "<group>"; };
		E2B699A02B8F974500246E91 /* Temporal.swift */ = {isa = PBXFileReference; fileEncoding = 4; lastKnownFileType = sourcecode.swift; path = Temporal.swift; sourceTree = "<group>"; };
		E2B699A12B8F974500246E91 /* Vision.swift */ = {isa = PBXFileReference; fileEncoding = 4; lastKnownFileType = sourcecode.swift; path = Vision.swift; sourceTree = "<group>"; };
		E2B699A22B8F974500246E91 /* Tokenizer.swift */ = {isa = PBXFileReference; fileEncoding = 4; lastKnownFileType = sourcecode.swift; path = Tokenizer.swift; sourceTree = "<group>"; };
		E2B699A32B8F974500246E91 /* SlotCondition.swift */ = {isa = PBXFileReference; fileEncoding = 4; lastKnownFileType = sourcecode.swift; path = SlotCondition.swift; sourceTree = "<group>"; };
		E2B699A42B8F974500246E91 /* BufferAction.swift */ = {isa = PBXFileReference; fileEncoding = 4; lastKnownFileType = sourcecode.swift; path = BufferAction.swift; sourceTree = "<group>"; };
		E2B699A52B8F974500246E91 /* Support.swift */ = {isa = PBXFileReference; fileEncoding = 4; lastKnownFileType = sourcecode.swift; path = Support.swift; sourceTree = "<group>"; };
		E2B699A62B8F974500246E91 /* Parser.swift */ = {isa = PBXFileReference; fileEncoding = 4; lastKnownFileType = sourcecode.swift; path = Parser.swift; sourceTree = "<group>"; };
		E2B699A72B8F974500246E91 /* Declarative.swift */ = {isa = PBXFileReference; fileEncoding = 4; lastKnownFileType = sourcecode.swift; path = Declarative.swift; sourceTree = "<group>"; };
		E2B699A82B8F974500246E91 /* Chunk.swift */ = {isa = PBXFileReference; fileEncoding = 4; lastKnownFileType = sourcecode.swift; path = Chunk.swift; sourceTree = "<group>"; };
		E2B699A92B8F974500246E91 /* Production.swift */ = {isa = PBXFileReference; fileEncoding = 4; lastKnownFileType = sourcecode.swift; path = Production.swift; sourceTree = "<group>"; };
		E2D01AAA2B83943400370E22 /* Fingers.app */ = {isa = PBXFileReference; explicitFileType = wrapper.application; includeInIndex = 0; path = Fingers.app; sourceTree = BUILT_PRODUCTS_DIR; };
		E2D01AAD2B83943400370E22 /* FingersApp.swift */ = {isa = PBXFileReference; lastKnownFileType = sourcecode.swift; path = FingersApp.swift; sourceTree = "<group>"; };
		E2D01AAF2B83943400370E22 /* FingersView.swift */ = {isa = PBXFileReference; lastKnownFileType = sourcecode.swift; path = FingersView.swift; sourceTree = "<group>"; };
		E2D01AB12B83943900370E22 /* Assets.xcassets */ = {isa = PBXFileReference; lastKnownFileType = folder.assetcatalog; path = Assets.xcassets; sourceTree = "<group>"; };
		E2D01AB42B83943900370E22 /* Preview Assets.xcassets */ = {isa = PBXFileReference; lastKnownFileType = folder.assetcatalog; path = "Preview Assets.xcassets"; sourceTree = "<group>"; };
		E2D01ABA2B83943A00370E22 /* FingersTests.xctest */ = {isa = PBXFileReference; explicitFileType = wrapper.cfbundle; includeInIndex = 0; path = FingersTests.xctest; sourceTree = BUILT_PRODUCTS_DIR; };
		E2D01ABE2B83943A00370E22 /* FingersTests.swift */ = {isa = PBXFileReference; lastKnownFileType = sourcecode.swift; path = FingersTests.swift; sourceTree = "<group>"; };
		E2D01AC42B83943A00370E22 /* FingersUITests.xctest */ = {isa = PBXFileReference; explicitFileType = wrapper.cfbundle; includeInIndex = 0; path = FingersUITests.xctest; sourceTree = BUILT_PRODUCTS_DIR; };
		E2D01AC82B83943A00370E22 /* FingersUITests.swift */ = {isa = PBXFileReference; lastKnownFileType = sourcecode.swift; path = FingersUITests.swift; sourceTree = "<group>"; };
		E2D01ACA2B83943A00370E22 /* FingersUITestsLaunchTests.swift */ = {isa = PBXFileReference; lastKnownFileType = sourcecode.swift; path = FingersUITestsLaunchTests.swift; sourceTree = "<group>"; };
		E2F87EB42BB99128009D91B9 /* Player.swift */ = {isa = PBXFileReference; lastKnownFileType = sourcecode.swift; path = Player.swift; sourceTree = "<group>"; };
		E2F87EB72BBA06B5009D91B9 /* logo_font.ttf */ = {isa = PBXFileReference; lastKnownFileType = file; path = logo_font.ttf; sourceTree = "<group>"; };
		E2F87EB92BBA0851009D91B9 /* Info.plist */ = {isa = PBXFileReference; lastKnownFileType = text.plist; path = Info.plist; sourceTree = "<group>"; };
/* End PBXFileReference section */

/* Begin PBXFrameworksBuildPhase section */
		E2D01AA72B83943400370E22 /* Frameworks */ = {
			isa = PBXFrameworksBuildPhase;
			buildActionMask = 2147483647;
			files = (
			);
			runOnlyForDeploymentPostprocessing = 0;
		};
		E2D01AB72B83943A00370E22 /* Frameworks */ = {
			isa = PBXFrameworksBuildPhase;
			buildActionMask = 2147483647;
			files = (
			);
			runOnlyForDeploymentPostprocessing = 0;
		};
		E2D01AC12B83943A00370E22 /* Frameworks */ = {
			isa = PBXFrameworksBuildPhase;
			buildActionMask = 2147483647;
			files = (
			);
			runOnlyForDeploymentPostprocessing = 0;
		};
/* End PBXFrameworksBuildPhase section */

/* Begin PBXGroup section */
		E20BABD42BA9C9350038FB13 /* Models */ = {
			isa = PBXGroup;
			children = (
				E20BABD52BA9C9350038FB13 /* BotModel_Tom.swift */,
				E20BABD62BA9C9350038FB13 /* BotModelProtocol.swift */,
				230E0D4E2BB42CCD00DA513A /* BotModel_David.swift */,
			);
			path = Models;
			sourceTree = "<group>";
		};
		E2252E822BB581860054AE4C /* Sprites */ = {
			isa = PBXGroup;
			children = (
				768587252BBDAA20004D919D /* compressed_cropped_final.gif */,
				E2252E832BB581860054AE4C /* fingers_art.jpg */,
			);
			path = Sprites;
			sourceTree = "<group>";
		};
		E2B6999A2B8F974500246E91 /* ACT-R */ = {
			isa = PBXGroup;
			children = (
				768587292BBDAE88004D919D /* compressed_cropped_final.gif */,
				E2B6999B2B8F974500246E91 /* SlotAction.swift */,
				E2B6999C2B8F974500246E91 /* BufferCondition.swift */,
				E2B6999D2B8F974500246E91 /* Model.swift */,
				E2B6999E2B8F974500246E91 /* Procedural.swift */,
				E2B6999F2B8F974500246E91 /* Instantiation.swift */,
				E2B699A02B8F974500246E91 /* Temporal.swift */,
				E2B699A12B8F974500246E91 /* Vision.swift */,
				E2B699A22B8F974500246E91 /* Tokenizer.swift */,
				E2B699A32B8F974500246E91 /* SlotCondition.swift */,
				E2B699A42B8F974500246E91 /* BufferAction.swift */,
				E2B699A52B8F974500246E91 /* Support.swift */,
				E2B699A62B8F974500246E91 /* Parser.swift */,
				E2B699A72B8F974500246E91 /* Declarative.swift */,
				E2B699A82B8F974500246E91 /* Chunk.swift */,
				E2B699A92B8F974500246E91 /* Production.swift */,
			);
			path = "ACT-R";
			sourceTree = "<group>";
		};
		E2D01AA12B83943400370E22 = {
			isa = PBXGroup;
			children = (
				E2D01AAC2B83943400370E22 /* Fingers */,
				E2D01ABD2B83943A00370E22 /* FingersTests */,
				E2D01AC72B83943A00370E22 /* FingersUITests */,
				E2D01AAB2B83943400370E22 /* Products */,
			);
			sourceTree = "<group>";
		};
		E2D01AAB2B83943400370E22 /* Products */ = {
			isa = PBXGroup;
			children = (
				E2D01AAA2B83943400370E22 /* Fingers.app */,
				E2D01ABA2B83943A00370E22 /* FingersTests.xctest */,
				E2D01AC42B83943A00370E22 /* FingersUITests.xctest */,
			);
			name = Products;
			sourceTree = "<group>";
		};
		E2D01AAC2B83943400370E22 /* Fingers */ = {
			isa = PBXGroup;
			children = (
				E2F87EB92BBA0851009D91B9 /* Info.plist */,
				E2F87EB62BBA06B5009D91B9 /* Fonts */,
				E2252E822BB581860054AE4C /* Sprites */,
				E20BABD92BA9C9AF0038FB13 /* PublicChunk.swift */,
				E20BABD42BA9C9350038FB13 /* Models */,
				E2B6999A2B8F974500246E91 /* ACT-R */,
				E2D01AAD2B83943400370E22 /* FingersApp.swift */,
				E285E0732BA2EB4500C27CB7 /* LandingView.swift */,
				E2D01AAF2B83943400370E22 /* FingersView.swift */,
				768587272BBDAAA3004D919D /* TutorialGif.swift */,
				E2B699942B8F8B8100246E91 /* FingersModel.swift */,
				E2B699962B8F8DF000246E91 /* FingersViewModel.swift */,
				E2D01AB12B83943900370E22 /* Assets.xcassets */,
				E2D01AB32B83943900370E22 /* Preview Content */,
				23E68CFD2B920D96006DCFDB /* PredictView.swift */,
				E2F87EB42BB99128009D91B9 /* Player.swift */,
			);
			path = Fingers;
			sourceTree = "<group>";
		};
		E2D01AB32B83943900370E22 /* Preview Content */ = {
			isa = PBXGroup;
			children = (
				E2D01AB42B83943900370E22 /* Preview Assets.xcassets */,
			);
			path = "Preview Content";
			sourceTree = "<group>";
		};
		E2D01ABD2B83943A00370E22 /* FingersTests */ = {
			isa = PBXGroup;
			children = (
				E2D01ABE2B83943A00370E22 /* FingersTests.swift */,
			);
			path = FingersTests;
			sourceTree = "<group>";
		};
		E2D01AC72B83943A00370E22 /* FingersUITests */ = {
			isa = PBXGroup;
			children = (
				E2D01AC82B83943A00370E22 /* FingersUITests.swift */,
				E2D01ACA2B83943A00370E22 /* FingersUITestsLaunchTests.swift */,
			);
			path = FingersUITests;
			sourceTree = "<group>";
		};
		E2F87EB62BBA06B5009D91B9 /* Fonts */ = {
			isa = PBXGroup;
			children = (
				7685872A2BBDBD1D004D919D /* BDSupperRegular.ttf */,
				E2F87EB72BBA06B5009D91B9 /* logo_font.ttf */,
			);
			path = Fonts;
			sourceTree = "<group>";
		};
/* End PBXGroup section */

/* Begin PBXNativeTarget section */
		E2D01AA92B83943400370E22 /* Fingers */ = {
			isa = PBXNativeTarget;
			buildConfigurationList = E2D01ACE2B83943A00370E22 /* Build configuration list for PBXNativeTarget "Fingers" */;
			buildPhases = (
				E2D01AA62B83943400370E22 /* Sources */,
				E2D01AA72B83943400370E22 /* Frameworks */,
				E2D01AA82B83943400370E22 /* Resources */,
			);
			buildRules = (
			);
			dependencies = (
			);
			name = Fingers;
			productName = Fingers;
			productReference = E2D01AAA2B83943400370E22 /* Fingers.app */;
			productType = "com.apple.product-type.application";
		};
		E2D01AB92B83943A00370E22 /* FingersTests */ = {
			isa = PBXNativeTarget;
			buildConfigurationList = E2D01AD12B83943A00370E22 /* Build configuration list for PBXNativeTarget "FingersTests" */;
			buildPhases = (
				E2D01AB62B83943A00370E22 /* Sources */,
				E2D01AB72B83943A00370E22 /* Frameworks */,
				E2D01AB82B83943A00370E22 /* Resources */,
			);
			buildRules = (
			);
			dependencies = (
				E2D01ABC2B83943A00370E22 /* PBXTargetDependency */,
			);
			name = FingersTests;
			productName = FingersTests;
			productReference = E2D01ABA2B83943A00370E22 /* FingersTests.xctest */;
			productType = "com.apple.product-type.bundle.unit-test";
		};
		E2D01AC32B83943A00370E22 /* FingersUITests */ = {
			isa = PBXNativeTarget;
			buildConfigurationList = E2D01AD42B83943A00370E22 /* Build configuration list for PBXNativeTarget "FingersUITests" */;
			buildPhases = (
				E2D01AC02B83943A00370E22 /* Sources */,
				E2D01AC12B83943A00370E22 /* Frameworks */,
				E2D01AC22B83943A00370E22 /* Resources */,
			);
			buildRules = (
			);
			dependencies = (
				E2D01AC62B83943A00370E22 /* PBXTargetDependency */,
			);
			name = FingersUITests;
			productName = FingersUITests;
			productReference = E2D01AC42B83943A00370E22 /* FingersUITests.xctest */;
			productType = "com.apple.product-type.bundle.ui-testing";
		};
/* End PBXNativeTarget section */

/* Begin PBXProject section */
		E2D01AA22B83943400370E22 /* Project object */ = {
			isa = PBXProject;
			attributes = {
				BuildIndependentTargetsInParallel = 1;
				LastSwiftUpdateCheck = 1320;
				LastUpgradeCheck = 1320;
				TargetAttributes = {
					E2D01AA92B83943400370E22 = {
						CreatedOnToolsVersion = 13.2.1;
					};
					E2D01AB92B83943A00370E22 = {
						CreatedOnToolsVersion = 13.2.1;
						TestTargetID = E2D01AA92B83943400370E22;
					};
					E2D01AC32B83943A00370E22 = {
						CreatedOnToolsVersion = 13.2.1;
						TestTargetID = E2D01AA92B83943400370E22;
					};
				};
			};
			buildConfigurationList = E2D01AA52B83943400370E22 /* Build configuration list for PBXProject "Fingers" */;
			compatibilityVersion = "Xcode 13.0";
			developmentRegion = en;
			hasScannedForEncodings = 0;
			knownRegions = (
				en,
				Base,
			);
			mainGroup = E2D01AA12B83943400370E22;
			productRefGroup = E2D01AAB2B83943400370E22 /* Products */;
			projectDirPath = "";
			projectRoot = "";
			targets = (
				E2D01AA92B83943400370E22 /* Fingers */,
				E2D01AB92B83943A00370E22 /* FingersTests */,
				E2D01AC32B83943A00370E22 /* FingersUITests */,
			);
		};
/* End PBXProject section */

/* Begin PBXResourcesBuildPhase section */
		E2D01AA82B83943400370E22 /* Resources */ = {
			isa = PBXResourcesBuildPhase;
			buildActionMask = 2147483647;
			files = (
				7685872B2BBDBD1D004D919D /* BDSupperRegular.ttf in Resources */,
				E2D01AB52B83943900370E22 /* Preview Assets.xcassets in Resources */,
				768587262BBDAA20004D919D /* compressed_cropped_final.gif in Resources */,
				E2D01AB22B83943900370E22 /* Assets.xcassets in Resources */,
				E2252E842BB581870054AE4C /* fingers_art.jpg in Resources */,
				E2F87EB82BBA06B5009D91B9 /* logo_font.ttf in Resources */,
			);
			runOnlyForDeploymentPostprocessing = 0;
		};
		E2D01AB82B83943A00370E22 /* Resources */ = {
			isa = PBXResourcesBuildPhase;
			buildActionMask = 2147483647;
			files = (
			);
			runOnlyForDeploymentPostprocessing = 0;
		};
		E2D01AC22B83943A00370E22 /* Resources */ = {
			isa = PBXResourcesBuildPhase;
			buildActionMask = 2147483647;
			files = (
			);
			runOnlyForDeploymentPostprocessing = 0;
		};
/* End PBXResourcesBuildPhase section */

/* Begin PBXSourcesBuildPhase section */
		E2D01AA62B83943400370E22 /* Sources */ = {
			isa = PBXSourcesBuildPhase;
			buildActionMask = 2147483647;
			files = (
				E2B699AC2B8F974500246E91 /* Model.swift in Sources */,
				E2B699B12B8F974500246E91 /* Tokenizer.swift in Sources */,
				230E0D4F2BB42CCD00DA513A /* BotModel_David.swift in Sources */,
				E2B699B82B8F974500246E91 /* Production.swift in Sources */,
				E2B699AE2B8F974500246E91 /* Instantiation.swift in Sources */,
				E2B699952B8F8B8100246E91 /* FingersModel.swift in Sources */,
				E2B699B52B8F974500246E91 /* Parser.swift in Sources */,
				23E68CFE2B920D96006DCFDB /* PredictView.swift in Sources */,
				E20BABD72BA9C9350038FB13 /* BotModel_Tom.swift in Sources */,
				E2D01AB02B83943400370E22 /* FingersView.swift in Sources */,
				E2D01AAE2B83943400370E22 /* FingersApp.swift in Sources */,
				E20BABD82BA9C9350038FB13 /* BotModelProtocol.swift in Sources */,
				E285E0742BA2EB4500C27CB7 /* LandingView.swift in Sources */,
				E2B699AD2B8F974500246E91 /* Procedural.swift in Sources */,
				E2B699972B8F8DF000246E91 /* FingersViewModel.swift in Sources */,
				E2B699AA2B8F974500246E91 /* SlotAction.swift in Sources */,
				E2B699B22B8F974500246E91 /* SlotCondition.swift in Sources */,
				E2B699AB2B8F974500246E91 /* BufferCondition.swift in Sources */,
				E2F87EB52BB99128009D91B9 /* Player.swift in Sources */,
				E2B699B42B8F974500246E91 /* Support.swift in Sources */,
				E2B699AF2B8F974500246E91 /* Temporal.swift in Sources */,
				E2B699B02B8F974500246E91 /* Vision.swift in Sources */,
				E20BABDA2BA9C9AF0038FB13 /* PublicChunk.swift in Sources */,
				E2B699B62B8F974500246E91 /* Declarative.swift in Sources */,
				E2B699B32B8F974500246E91 /* BufferAction.swift in Sources */,
				E2B699B72B8F974500246E91 /* Chunk.swift in Sources */,
				768587282BBDAAA3004D919D /* TutorialGif.swift in Sources */,
			);
			runOnlyForDeploymentPostprocessing = 0;
		};
		E2D01AB62B83943A00370E22 /* Sources */ = {
			isa = PBXSourcesBuildPhase;
			buildActionMask = 2147483647;
			files = (
				E2D01ABF2B83943A00370E22 /* FingersTests.swift in Sources */,
			);
			runOnlyForDeploymentPostprocessing = 0;
		};
		E2D01AC02B83943A00370E22 /* Sources */ = {
			isa = PBXSourcesBuildPhase;
			buildActionMask = 2147483647;
			files = (
				E2D01AC92B83943A00370E22 /* FingersUITests.swift in Sources */,
				E2D01ACB2B83943A00370E22 /* FingersUITestsLaunchTests.swift in Sources */,
			);
			runOnlyForDeploymentPostprocessing = 0;
		};
/* End PBXSourcesBuildPhase section */

/* Begin PBXTargetDependency section */
		E2D01ABC2B83943A00370E22 /* PBXTargetDependency */ = {
			isa = PBXTargetDependency;
			target = E2D01AA92B83943400370E22 /* Fingers */;
			targetProxy = E2D01ABB2B83943A00370E22 /* PBXContainerItemProxy */;
		};
		E2D01AC62B83943A00370E22 /* PBXTargetDependency */ = {
			isa = PBXTargetDependency;
			target = E2D01AA92B83943400370E22 /* Fingers */;
			targetProxy = E2D01AC52B83943A00370E22 /* PBXContainerItemProxy */;
		};
/* End PBXTargetDependency section */

/* Begin XCBuildConfiguration section */
		E2D01ACC2B83943A00370E22 /* Debug */ = {
			isa = XCBuildConfiguration;
			buildSettings = {
				ALWAYS_SEARCH_USER_PATHS = NO;
				CLANG_ANALYZER_NONNULL = YES;
				CLANG_ANALYZER_NUMBER_OBJECT_CONVERSION = YES_AGGRESSIVE;
				CLANG_CXX_LANGUAGE_STANDARD = "gnu++17";
				CLANG_CXX_LIBRARY = "libc++";
				CLANG_ENABLE_MODULES = YES;
				CLANG_ENABLE_OBJC_ARC = YES;
				CLANG_ENABLE_OBJC_WEAK = YES;
				CLANG_WARN_BLOCK_CAPTURE_AUTORELEASING = YES;
				CLANG_WARN_BOOL_CONVERSION = YES;
				CLANG_WARN_COMMA = YES;
				CLANG_WARN_CONSTANT_CONVERSION = YES;
				CLANG_WARN_DEPRECATED_OBJC_IMPLEMENTATIONS = YES;
				CLANG_WARN_DIRECT_OBJC_ISA_USAGE = YES_ERROR;
				CLANG_WARN_DOCUMENTATION_COMMENTS = YES;
				CLANG_WARN_EMPTY_BODY = YES;
				CLANG_WARN_ENUM_CONVERSION = YES;
				CLANG_WARN_INFINITE_RECURSION = YES;
				CLANG_WARN_INT_CONVERSION = YES;
				CLANG_WARN_NON_LITERAL_NULL_CONVERSION = YES;
				CLANG_WARN_OBJC_IMPLICIT_RETAIN_SELF = YES;
				CLANG_WARN_OBJC_LITERAL_CONVERSION = YES;
				CLANG_WARN_OBJC_ROOT_CLASS = YES_ERROR;
				CLANG_WARN_QUOTED_INCLUDE_IN_FRAMEWORK_HEADER = YES;
				CLANG_WARN_RANGE_LOOP_ANALYSIS = YES;
				CLANG_WARN_STRICT_PROTOTYPES = YES;
				CLANG_WARN_SUSPICIOUS_MOVE = YES;
				CLANG_WARN_UNGUARDED_AVAILABILITY = YES_AGGRESSIVE;
				CLANG_WARN_UNREACHABLE_CODE = YES;
				CLANG_WARN__DUPLICATE_METHOD_MATCH = YES;
				COPY_PHASE_STRIP = NO;
				DEBUG_INFORMATION_FORMAT = dwarf;
				ENABLE_STRICT_OBJC_MSGSEND = YES;
				ENABLE_TESTABILITY = YES;
				GCC_C_LANGUAGE_STANDARD = gnu11;
				GCC_DYNAMIC_NO_PIC = NO;
				GCC_NO_COMMON_BLOCKS = YES;
				GCC_OPTIMIZATION_LEVEL = 0;
				GCC_PREPROCESSOR_DEFINITIONS = (
					"DEBUG=1",
					"$(inherited)",
				);
				GCC_WARN_64_TO_32_BIT_CONVERSION = YES;
				GCC_WARN_ABOUT_RETURN_TYPE = YES_ERROR;
				GCC_WARN_UNDECLARED_SELECTOR = YES;
				GCC_WARN_UNINITIALIZED_AUTOS = YES_AGGRESSIVE;
				GCC_WARN_UNUSED_FUNCTION = YES;
				GCC_WARN_UNUSED_VARIABLE = YES;
				IPHONEOS_DEPLOYMENT_TARGET = 15.2;
				MTL_ENABLE_DEBUG_INFO = INCLUDE_SOURCE;
				MTL_FAST_MATH = YES;
				ONLY_ACTIVE_ARCH = YES;
				SDKROOT = iphoneos;
				SWIFT_ACTIVE_COMPILATION_CONDITIONS = DEBUG;
				SWIFT_OPTIMIZATION_LEVEL = "-Onone";
			};
			name = Debug;
		};
		E2D01ACD2B83943A00370E22 /* Release */ = {
			isa = XCBuildConfiguration;
			buildSettings = {
				ALWAYS_SEARCH_USER_PATHS = NO;
				CLANG_ANALYZER_NONNULL = YES;
				CLANG_ANALYZER_NUMBER_OBJECT_CONVERSION = YES_AGGRESSIVE;
				CLANG_CXX_LANGUAGE_STANDARD = "gnu++17";
				CLANG_CXX_LIBRARY = "libc++";
				CLANG_ENABLE_MODULES = YES;
				CLANG_ENABLE_OBJC_ARC = YES;
				CLANG_ENABLE_OBJC_WEAK = YES;
				CLANG_WARN_BLOCK_CAPTURE_AUTORELEASING = YES;
				CLANG_WARN_BOOL_CONVERSION = YES;
				CLANG_WARN_COMMA = YES;
				CLANG_WARN_CONSTANT_CONVERSION = YES;
				CLANG_WARN_DEPRECATED_OBJC_IMPLEMENTATIONS = YES;
				CLANG_WARN_DIRECT_OBJC_ISA_USAGE = YES_ERROR;
				CLANG_WARN_DOCUMENTATION_COMMENTS = YES;
				CLANG_WARN_EMPTY_BODY = YES;
				CLANG_WARN_ENUM_CONVERSION = YES;
				CLANG_WARN_INFINITE_RECURSION = YES;
				CLANG_WARN_INT_CONVERSION = YES;
				CLANG_WARN_NON_LITERAL_NULL_CONVERSION = YES;
				CLANG_WARN_OBJC_IMPLICIT_RETAIN_SELF = YES;
				CLANG_WARN_OBJC_LITERAL_CONVERSION = YES;
				CLANG_WARN_OBJC_ROOT_CLASS = YES_ERROR;
				CLANG_WARN_QUOTED_INCLUDE_IN_FRAMEWORK_HEADER = YES;
				CLANG_WARN_RANGE_LOOP_ANALYSIS = YES;
				CLANG_WARN_STRICT_PROTOTYPES = YES;
				CLANG_WARN_SUSPICIOUS_MOVE = YES;
				CLANG_WARN_UNGUARDED_AVAILABILITY = YES_AGGRESSIVE;
				CLANG_WARN_UNREACHABLE_CODE = YES;
				CLANG_WARN__DUPLICATE_METHOD_MATCH = YES;
				COPY_PHASE_STRIP = NO;
				DEBUG_INFORMATION_FORMAT = "dwarf-with-dsym";
				ENABLE_NS_ASSERTIONS = NO;
				ENABLE_STRICT_OBJC_MSGSEND = YES;
				GCC_C_LANGUAGE_STANDARD = gnu11;
				GCC_NO_COMMON_BLOCKS = YES;
				GCC_WARN_64_TO_32_BIT_CONVERSION = YES;
				GCC_WARN_ABOUT_RETURN_TYPE = YES_ERROR;
				GCC_WARN_UNDECLARED_SELECTOR = YES;
				GCC_WARN_UNINITIALIZED_AUTOS = YES_AGGRESSIVE;
				GCC_WARN_UNUSED_FUNCTION = YES;
				GCC_WARN_UNUSED_VARIABLE = YES;
				IPHONEOS_DEPLOYMENT_TARGET = 15.2;
				MTL_ENABLE_DEBUG_INFO = NO;
				MTL_FAST_MATH = YES;
				SDKROOT = iphoneos;
				SWIFT_COMPILATION_MODE = wholemodule;
				SWIFT_OPTIMIZATION_LEVEL = "-Onone";
				VALIDATE_PRODUCT = YES;
			};
			name = Release;
		};
		E2D01ACF2B83943A00370E22 /* Debug */ = {
			isa = XCBuildConfiguration;
			buildSettings = {
				ASSETCATALOG_COMPILER_APPICON_NAME = AppIcon;
				ASSETCATALOG_COMPILER_GLOBAL_ACCENT_COLOR_NAME = AccentColor;
				CODE_SIGN_STYLE = Automatic;
				CURRENT_PROJECT_VERSION = 1;
				DEVELOPMENT_ASSET_PATHS = "\"Fingers/Preview Content\"";
				DEVELOPMENT_TEAM = 9972AHA2MW;
				ENABLE_PREVIEWS = YES;
				GENERATE_INFOPLIST_FILE = YES;
				INFOPLIST_FILE = Fingers/Info.plist;
				INFOPLIST_KEY_UIApplicationSceneManifest_Generation = YES;
				INFOPLIST_KEY_UIApplicationSupportsIndirectInputEvents = YES;
				INFOPLIST_KEY_UILaunchScreen_Generation = YES;
				INFOPLIST_KEY_UISupportedInterfaceOrientations = UIInterfaceOrientationPortrait;
				INFOPLIST_KEY_UISupportedInterfaceOrientations_iPad = "UIInterfaceOrientationPortrait UIInterfaceOrientationPortraitUpsideDown UIInterfaceOrientationLandscapeLeft UIInterfaceOrientationLandscapeRight";
				INFOPLIST_KEY_UISupportedInterfaceOrientations_iPhone = "UIInterfaceOrientationPortrait UIInterfaceOrientationLandscapeLeft UIInterfaceOrientationLandscapeRight";
				INFOPLIST_KEY_UIUserInterfaceStyle = Light;
				IPHONEOS_DEPLOYMENT_TARGET = 15.2;
				LD_RUNPATH_SEARCH_PATHS = (
					"$(inherited)",
					"@executable_path/Frameworks",
				);
				MARKETING_VERSION = 1.0;
				OTHER_LIBTOOLFLAGS = "-XCExpApple true -XCBuildForPre true -WLinkingC true";
				PRODUCT_BUNDLE_IDENTIFIER = RUG.Fingers;
				PRODUCT_NAME = "$(TARGET_NAME)";
				SWIFT_EMIT_LOC_STRINGS = YES;
				SWIFT_PRECOMPILE_BRIDGING_HEADER = YES;
				SWIFT_VERSION = 5.0;
				TARGETED_DEVICE_FAMILY = 1;
				USER_HEADER_SEARCH_PATHS = "";
			};
			name = Debug;
		};
		E2D01AD02B83943A00370E22 /* Release */ = {
			isa = XCBuildConfiguration;
			buildSettings = {
				ASSETCATALOG_COMPILER_APPICON_NAME = AppIcon;
				ASSETCATALOG_COMPILER_GLOBAL_ACCENT_COLOR_NAME = AccentColor;
				CODE_SIGN_STYLE = Automatic;
				CURRENT_PROJECT_VERSION = 1;
				DEVELOPMENT_ASSET_PATHS = "\"Fingers/Preview Content\"";
				DEVELOPMENT_TEAM = 9972AHA2MW;
				ENABLE_PREVIEWS = YES;
				GENERATE_INFOPLIST_FILE = YES;
				INFOPLIST_FILE = Fingers/Info.plist;
				INFOPLIST_KEY_UIApplicationSceneManifest_Generation = YES;
				INFOPLIST_KEY_UIApplicationSupportsIndirectInputEvents = YES;
				INFOPLIST_KEY_UILaunchScreen_Generation = YES;
				INFOPLIST_KEY_UISupportedInterfaceOrientations = UIInterfaceOrientationPortrait;
				INFOPLIST_KEY_UISupportedInterfaceOrientations_iPad = "UIInterfaceOrientationPortrait UIInterfaceOrientationPortraitUpsideDown UIInterfaceOrientationLandscapeLeft UIInterfaceOrientationLandscapeRight";
				INFOPLIST_KEY_UISupportedInterfaceOrientations_iPhone = "UIInterfaceOrientationPortrait UIInterfaceOrientationLandscapeLeft UIInterfaceOrientationLandscapeRight";
				INFOPLIST_KEY_UIUserInterfaceStyle = Light;
				IPHONEOS_DEPLOYMENT_TARGET = 15.2;
				LD_RUNPATH_SEARCH_PATHS = (
					"$(inherited)",
					"@executable_path/Frameworks",
				);
				MARKETING_VERSION = 1.0;
				OTHER_LIBTOOLFLAGS = "-XCExpApple true -XCBuildForPre true -WLinkingC true";
				PRODUCT_BUNDLE_IDENTIFIER = RUG.Fingers;
				PRODUCT_NAME = "$(TARGET_NAME)";
				SWIFT_EMIT_LOC_STRINGS = YES;
				SWIFT_PRECOMPILE_BRIDGING_HEADER = YES;
				SWIFT_VERSION = 5.0;
				TARGETED_DEVICE_FAMILY = 1;
				USER_HEADER_SEARCH_PATHS = "";
			};
			name = Release;
		};
		E2D01AD22B83943A00370E22 /* Debug */ = {
			isa = XCBuildConfiguration;
			buildSettings = {
				ALWAYS_EMBED_SWIFT_STANDARD_LIBRARIES = YES;
				BUNDLE_LOADER = "$(TEST_HOST)";
				CODE_SIGN_STYLE = Automatic;
				CURRENT_PROJECT_VERSION = 1;
				GENERATE_INFOPLIST_FILE = YES;
				IPHONEOS_DEPLOYMENT_TARGET = 15.2;
				MARKETING_VERSION = 1.0;
				PRODUCT_BUNDLE_IDENTIFIER = RUG.FingersTests;
				PRODUCT_NAME = "$(TARGET_NAME)";
				SWIFT_EMIT_LOC_STRINGS = NO;
				SWIFT_VERSION = 5.0;
				TARGETED_DEVICE_FAMILY = "1,2";
				TEST_HOST = "$(BUILT_PRODUCTS_DIR)/Fingers.app/Fingers";
			};
			name = Debug;
		};
		E2D01AD32B83943A00370E22 /* Release */ = {
			isa = XCBuildConfiguration;
			buildSettings = {
				ALWAYS_EMBED_SWIFT_STANDARD_LIBRARIES = YES;
				BUNDLE_LOADER = "$(TEST_HOST)";
				CODE_SIGN_STYLE = Automatic;
				CURRENT_PROJECT_VERSION = 1;
				GENERATE_INFOPLIST_FILE = YES;
				IPHONEOS_DEPLOYMENT_TARGET = 15.2;
				MARKETING_VERSION = 1.0;
				PRODUCT_BUNDLE_IDENTIFIER = RUG.FingersTests;
				PRODUCT_NAME = "$(TARGET_NAME)";
				SWIFT_EMIT_LOC_STRINGS = NO;
				SWIFT_VERSION = 5.0;
				TARGETED_DEVICE_FAMILY = "1,2";
				TEST_HOST = "$(BUILT_PRODUCTS_DIR)/Fingers.app/Fingers";
			};
			name = Release;
		};
		E2D01AD52B83943A00370E22 /* Debug */ = {
			isa = XCBuildConfiguration;
			buildSettings = {
				ALWAYS_EMBED_SWIFT_STANDARD_LIBRARIES = YES;
				CODE_SIGN_STYLE = Automatic;
				CURRENT_PROJECT_VERSION = 1;
				GENERATE_INFOPLIST_FILE = YES;
				MARKETING_VERSION = 1.0;
				PRODUCT_BUNDLE_IDENTIFIER = RUG.FingersUITests;
				PRODUCT_NAME = "$(TARGET_NAME)";
				SWIFT_EMIT_LOC_STRINGS = NO;
				SWIFT_VERSION = 5.0;
				TARGETED_DEVICE_FAMILY = "1,2";
				TEST_TARGET_NAME = Fingers;
			};
			name = Debug;
		};
		E2D01AD62B83943A00370E22 /* Release */ = {
			isa = XCBuildConfiguration;
			buildSettings = {
				ALWAYS_EMBED_SWIFT_STANDARD_LIBRARIES = YES;
				CODE_SIGN_STYLE = Automatic;
				CURRENT_PROJECT_VERSION = 1;
				GENERATE_INFOPLIST_FILE = YES;
				MARKETING_VERSION = 1.0;
				PRODUCT_BUNDLE_IDENTIFIER = RUG.FingersUITests;
				PRODUCT_NAME = "$(TARGET_NAME)";
				SWIFT_EMIT_LOC_STRINGS = NO;
				SWIFT_VERSION = 5.0;
				TARGETED_DEVICE_FAMILY = "1,2";
				TEST_TARGET_NAME = Fingers;
			};
			name = Release;
		};
/* End XCBuildConfiguration section */

/* Begin XCConfigurationList section */
		E2D01AA52B83943400370E22 /* Build configuration list for PBXProject "Fingers" */ = {
			isa = XCConfigurationList;
			buildConfigurations = (
				E2D01ACC2B83943A00370E22 /* Debug */,
				E2D01ACD2B83943A00370E22 /* Release */,
			);
			defaultConfigurationIsVisible = 0;
			defaultConfigurationName = Release;
		};
		E2D01ACE2B83943A00370E22 /* Build configuration list for PBXNativeTarget "Fingers" */ = {
			isa = XCConfigurationList;
			buildConfigurations = (
				E2D01ACF2B83943A00370E22 /* Debug */,
				E2D01AD02B83943A00370E22 /* Release */,
			);
			defaultConfigurationIsVisible = 0;
			defaultConfigurationName = Release;
		};
		E2D01AD12B83943A00370E22 /* Build configuration list for PBXNativeTarget "FingersTests" */ = {
			isa = XCConfigurationList;
			buildConfigurations = (
				E2D01AD22B83943A00370E22 /* Debug */,
				E2D01AD32B83943A00370E22 /* Release */,
			);
			defaultConfigurationIsVisible = 0;
			defaultConfigurationName = Release;
		};
		E2D01AD42B83943A00370E22 /* Build configuration list for PBXNativeTarget "FingersUITests" */ = {
			isa = XCConfigurationList;
			buildConfigurations = (
				E2D01AD52B83943A00370E22 /* Debug */,
				E2D01AD62B83943A00370E22 /* Release */,
			);
			defaultConfigurationIsVisible = 0;
			defaultConfigurationName = Release;
		};
/* End XCConfigurationList section */
	};
	rootObject = E2D01AA22B83943400370E22 /* Project object */;
}
